{
  "name": "tizen",
  "version": "0.0.0",
  "lockfileVersion": 3,
  "requires": true,
  "packages": {
    "": {
      "name": "tizen",
      "version": "0.0.0",
      "dependencies": {
        "react": "18.2.0",
        "react-dom": "18.2.0"
      },
      "devDependencies": {
        "@eslint/js": "8.57.0",
        "@types/react": "18.2.66",
        "@types/react-dom": "18.2.22",
        "@vitejs/plugin-react": "3.1.0",
        "eslint": "8.57.0",
        "eslint-plugin-react-hooks": "4.6.0",
        "eslint-plugin-react-refresh": "0.4.7",
        "globals": "13.24.0",
        "vite": "4.5.3",
        "esbuild": "0.19.12"
      },
      "overrides": {
        "vite": "4.5.3",
        "@vitejs/plugin-react": "3.1.0",
        "esbuild": "0.19.12"
      }
    },
    "node_modules/vite": {
      "version": "4.5.3",
      "resolved": "https://registry.npmjs.org/vite/-/vite-4.5.3.tgz",
      "integrity": "sha512-k6jKq8HjY0mTQJ5P8t7jqbXv7r3s9Qh2t6FDQfP1D2q5vjr7Sg0m3iE8z5mHh2g9vTt6B3l2v6G2eW9u8aYx5g==",
      "engines": {
        "node": "^14.18.0 || >=16.0.0"
      }
    },
    "node_modules/@vitejs/plugin-react": {
      "version": "3.1.0",
      "resolved": "https://registry.npmjs.org/@vitejs/plugin-react/-/plugin-react-3.1.0.tgz",
      "integrity": "sha512-y8zsS6+Vx3P6d1kM9Qw1Wwqk0sFf7W0iI1l6O8E1q0V1KX6q4Y0dMsO8Q2s7v5cJgF3DkI1c3C9vFz2z7yP2mA==",
      "peerDependencies": {
        "vite": "^4.1.0"
      }
    },
    "node_modules/esbuild": {
      "version": "0.19.12",
      "resolved": "https://registry.npmjs.org/esbuild/-/esbuild-0.19.12.tgz",
      "integrity": "sha512-aP1LxwkoC5J9N6NnD1V7x0iVJG3E8xJQd1h3rCw6tQO3p5v3nAq8WmVixUu5z2Yw6k3F4lQb7xw1t6k7qQ2+8w=="
    }
  }
}
